{
  "name": "megacrypt.js",
  "version": "0.0.0",
  "lockfileVersion": 1,
  "requires": true,
  "dependencies": {
    "@sentry/core": {
      "version": "5.24.2",
      "resolved": "https://registry.npmjs.org/@sentry/core/-/core-5.24.2.tgz",
      "integrity": "sha512-nuAwCGU1l9hgMinl5P/8nIQGRXDP2FI9cJnq5h1qiP/XIOvJkJz2yzBR6nTyqr4vBth0tvxQJbIpDNGd7vHJLg==",
      "requires": {
        "@sentry/hub": "5.24.2",
        "@sentry/minimal": "5.24.2",
        "@sentry/types": "5.24.2",
        "@sentry/utils": "5.24.2",
        "tslib": "^1.9.3"
      }
    },
    "@sentry/hub": {
      "version": "5.24.2",
      "resolved": "https://registry.npmjs.org/@sentry/hub/-/hub-5.24.2.tgz",
      "integrity": "sha512-xmO1Ivvpb5Qr9WgekinuZZlpl9Iw7iPETUe84HQOhUrXf+2gKO+LaUYMMsYSVDwXQEmR6/tTMyOtS6iavldC6w==",
      "requires": {
        "@sentry/types": "5.24.2",
        "@sentry/utils": "5.24.2",
        "tslib": "^1.9.3"
      }
    },
    "@sentry/minimal": {
      "version": "5.24.2",
      "resolved": "https://registry.npmjs.org/@sentry/minimal/-/minimal-5.24.2.tgz",
      "integrity": "sha512-biFpux5bI3R8xiD/Zzvrk1kRE6bqPtfWXmZYAHRtaUMCAibprTKSY9Ta8QYHynOAEoJ5Akedy6HUsEkK5DoZfA==",
      "requires": {
        "@sentry/hub": "5.24.2",
        "@sentry/types": "5.24.2",
        "tslib": "^1.9.3"
      }
    },
    "@sentry/node": {
      "version": "5.24.2",
      "resolved": "https://registry.npmjs.org/@sentry/node/-/node-5.24.2.tgz",
      "integrity": "sha512-ddfU2tLTvhnY+NqzLIA/gxMt/uxq7R204Nb2J5qqE0WAgbh0dtylNAzfKZTizLdbZfRnpeISmd+CBILh3tavog==",
      "requires": {
        "@sentry/core": "5.24.2",
        "@sentry/hub": "5.24.2",
        "@sentry/tracing": "5.24.2",
        "@sentry/types": "5.24.2",
        "@sentry/utils": "5.24.2",
        "cookie": "^0.4.1",
        "https-proxy-agent": "^5.0.0",
        "lru_map": "^0.3.3",
        "tslib": "^1.9.3"
      }
    },
    "@sentry/tracing": {
      "version": "5.24.2",
      "resolved": "https://registry.npmjs.org/@sentry/tracing/-/tracing-5.24.2.tgz",
      "integrity": "sha512-1uDgvGGVF8lb3hRXbhNnns+8DBUKjhRKOFR5Z3RExjrDFYTDbHmoNtV73Q12Ra+Iht9HTZnIBOqYD3oSZIbJ0w==",
      "requires": {
        "@sentry/hub": "5.24.2",
        "@sentry/minimal": "5.24.2",
        "@sentry/types": "5.24.2",
        "@sentry/utils": "5.24.2",
        "tslib": "^1.9.3"
      }
    },
    "@sentry/types": {
      "version": "5.24.2",
      "resolved": "https://registry.npmjs.org/@sentry/types/-/types-5.24.2.tgz",
      "integrity": "sha512-HcOK00R0tQG5vzrIrqQ0jC28+z76jWSgQCzXiessJ5SH/9uc6NzdO7sR7K8vqMP2+nweCHckFohC8G0T1DLzuQ=="
    },
    "@sentry/utils": {
      "version": "5.24.2",
      "resolved": "https://registry.npmjs.org/@sentry/utils/-/utils-5.24.2.tgz",
      "integrity": "sha512-oPGde4tNEDHKk0Cg9q2p0qX649jLDUOwzJXHKpd0X65w3A6eJByDevMr8CSzKV9sesjrUpxqAv6f9WWlz185tA==",
      "requires": {
        "@sentry/types": "5.24.2",
        "tslib": "^1.9.3"
      }
    },
    "agent-base": {
      "version": "6.0.1",
      "resolved": "https://registry.npmjs.org/agent-base/-/agent-base-6.0.1.tgz",
      "integrity": "sha512-01q25QQDwLSsyfhrKbn8yuur+JNw0H+0Y4JiGIKd3z9aYk/w/2kxD/Upc+t2ZBBSUNff50VjPsSW2YxM8QYKVg==",
      "requires": {
        "debug": "4"
      },
      "dependencies": {
        "debug": {
          "version": "4.2.0",
          "resolved": "https://registry.npmjs.org/debug/-/debug-4.2.0.tgz",
          "integrity": "sha512-IX2ncY78vDTjZMFUdmsvIRFY2Cf4FnD0wRs+nQwJU8Lu99/tPFdb0VybiiMTPe3I6rQmwsqQqRBvxU+bZ/I8sg==",
          "requires": {
            "ms": "2.1.2"
          }
        }
      }
    },
    "cookie": {
      "version": "0.4.1",
      "resolved": "https://registry.npmjs.org/cookie/-/cookie-0.4.1.tgz",
      "integrity": "sha512-ZwrFkGJxUR3EIoXtO+yVE69Eb7KlixbaeAWfBQB9vVsNn/o+Yw69gBWSSDK825hQNdN+wF8zELf3dFNl/kxkUA=="
    },
    "https-proxy-agent": {
      "version": "5.0.0",
      "resolved": "https://registry.npmjs.org/https-proxy-agent/-/https-proxy-agent-5.0.0.tgz",
      "integrity": "sha512-EkYm5BcKUGiduxzSt3Eppko+PiNWNEpa4ySk9vTC6wDsQJW9rHSa+UhGNJoRYp7bz6Ht1eaRIa6QaJqO5rCFbA==",
      "requires": {
        "agent-base": "6",
        "debug": "4"
      },
      "dependencies": {
        "debug": {
          "version": "4.2.0",
          "resolved": "https://registry.npmjs.org/debug/-/debug-4.2.0.tgz",
          "integrity": "sha512-IX2ncY78vDTjZMFUdmsvIRFY2Cf4FnD0wRs+nQwJU8Lu99/tPFdb0VybiiMTPe3I6rQmwsqQqRBvxU+bZ/I8sg==",
          "requires": {
            "ms": "2.1.2"
          }
        }
      }
    },
    "lru_map": {
      "version": "0.3.3",
      "resolved": "https://registry.npmjs.org/lru_map/-/lru_map-0.3.3.tgz",
      "integrity": "sha1-tcg1G5Rky9dQM1p5ZQoOwOVhGN0="
    },
    "ms": {
      "version": "2.1.2",
      "resolved": "https://registry.npmjs.org/ms/-/ms-2.1.2.tgz",
      "integrity": "sha512-sGkPx+VjMtmA6MX27oA4FBFELFCZZ4S4XqeGOXCv68tT+jb3vk/RyaKWP0PTKyWtmLSM0b+adUTEvbs1PEaH2w=="
    },
    "tslib": {
      "version": "1.13.0",
      "resolved": "https://registry.npmjs.org/tslib/-/tslib-1.13.0.tgz",
      "integrity": "sha512-i/6DQjL8Xf3be4K/E6Wgpekn5Qasl1usyw++dAA35Ue5orEn65VIxOA+YvNNl9HV3qv70T7CNwjODHZrLwvd1Q=="
    }
  }
}
